
Microsoft Visual Studio Solution File, Format Version 12.00
# Visual Studio Version 16
VisualStudioVersion = 16.0.28315.86
MinimumVisualStudioVersion = 10.0.40219.1
Project("{2150E333-8FDC-42A3-9474-1A3956D46DE8}") = "Engine", "Engine", "{FF1D68A3-0BC8-454E-96DF-3781891E1F72}"
EndProject
Project("{2150E333-8FDC-42A3-9474-1A3956D46DE8}") = "Games", "Games", "{1D7F786D-BBC6-4E3F-8C76-C3054D858156}"
EndProject
Project("{8BC9CEB8-8B4A-11D0-8D11-00A0C91BC942}") = "UE4", "Intermediate\ProjectFiles\UE4.vcxproj", "{34B8816B-33BC-4FE9-842B-465DDA09BDD3}"
EndProject
Project("{8BC9CEB8-8B4A-11D0-8D11-00A0C91BC942}") = "VRFreeUnrealSample", "Intermediate\ProjectFiles\VRFreeUnrealSample.vcxproj", "{CE2BC39E-AF93-467B-9319-D654D5CA62A8}"
EndProject
Project("{2150E333-8FDC-42A3-9474-1A3956D46DE8}") = "Visualizers", "Visualizers", "{2EDAEAE8-9CC4-42B1-8E12-16224952F19A}"
	ProjectSection(SolutionItems) = preProject
		..\..\..\..\Program Files\Epic Games\UE_4.24\Engine\Extras\VisualStudioDebugging\UE4.natvis = ..\..\..\..\Program Files\Epic Games\UE_4.24\Engine\Extras\VisualStudioDebugging\UE4.natvis
	EndProjectSection
EndProject
Global
	GlobalSection(SolutionConfigurationPlatforms) = preSolution
		DebugGame Editor|Win32 = DebugGame Editor|Win32
		DebugGame Editor|Win64 = DebugGame Editor|Win64
		DebugGame|Win32 = DebugGame|Win32
		DebugGame|Win64 = DebugGame|Win64
		Development Editor|Win32 = Development Editor|Win32
		Development Editor|Win64 = Development Editor|Win64
		Development|Win32 = Development|Win32
		Development|Win64 = Development|Win64
		Shipping|Win32 = Shipping|Win32
		Shipping|Win64 = Shipping|Win64
	EndGlobalSection
	GlobalSection(ProjectConfigurationPlatforms) = postSolution
		{34B8816B-33BC-4FE9-842B-465DDA09BDD3}.DebugGame Editor|Win32.ActiveCfg = BuiltWithUnrealBuildTool|Win32
		{34B8816B-33BC-4FE9-842B-465DDA09BDD3}.DebugGame Editor|Win64.ActiveCfg = BuiltWithUnrealBuildTool|Win32
		{34B8816B-33BC-4FE9-842B-465DDA09BDD3}.DebugGame|Win32.ActiveCfg = BuiltWithUnrealBuildTool|Win32
		{34B8816B-33BC-4FE9-842B-465DDA09BDD3}.DebugGame|Win64.ActiveCfg = BuiltWithUnrealBuildTool|Win32
		{34B8816B-33BC-4FE9-842B-465DDA09BDD3}.Development Editor|Win32.ActiveCfg = BuiltWithUnrealBuildTool|Win32
		{34B8816B-33BC-4FE9-842B-465DDA09BDD3}.Development Editor|Win64.ActiveCfg = BuiltWithUnrealBuildTool|Win32
		{34B8816B-33BC-4FE9-842B-465DDA09BDD3}.Development|Win32.ActiveCfg = BuiltWithUnrealBuildTool|Win32
		{34B8816B-33BC-4FE9-842B-465DDA09BDD3}.Development|Win64.ActiveCfg = BuiltWithUnrealBuildTool|Win32
		{34B8816B-33BC-4FE9-842B-465DDA09BDD3}.Shipping|Win32.ActiveCfg = BuiltWithUnrealBuildTool|Win32
		{34B8816B-33BC-4FE9-842B-465DDA09BDD3}.Shipping|Win64.ActiveCfg = BuiltWithUnrealBuildTool|Win32
		{CE2BC39E-AF93-467B-9319-D654D5CA62A8}.DebugGame Editor|Win32.ActiveCfg = Invalid|Win32
		{CE2BC39E-AF93-467B-9319-D654D5CA62A8}.DebugGame Editor|Win64.ActiveCfg = DebugGame_Editor|x64
		{CE2BC39E-AF93-467B-9319-D654D5CA62A8}.DebugGame Editor|Win64.Build.0 = DebugGame_Editor|x64
		{CE2BC39E-AF93-467B-9319-D654D5CA62A8}.DebugGame|Win32.ActiveCfg = DebugGame|Win32
		{CE2BC39E-AF93-467B-9319-D654D5CA62A8}.DebugGame|Win32.Build.0 = DebugGame|Win32
		{CE2BC39E-AF93-467B-9319-D654D5CA62A8}.DebugGame|Win64.ActiveCfg = DebugGame|x64
		{CE2BC39E-AF93-467B-9319-D654D5CA62A8}.DebugGame|Win64.Build.0 = DebugGame|x64
		{CE2BC39E-AF93-467B-9319-D654D5CA62A8}.Development Editor|Win32.ActiveCfg = Invalid|Win32
		{CE2BC39E-AF93-467B-9319-D654D5CA62A8}.Development Editor|Win64.ActiveCfg = Development_Editor|x64
		{CE2BC39E-AF93-467B-9319-D654D5CA62A8}.Development Editor|Win64.Build.0 = Development_Editor|x64
		{CE2BC39E-AF93-467B-9319-D654D5CA62A8}.Development|Win32.ActiveCfg = Development|Win32
		{CE2BC39E-AF93-467B-9319-D654D5CA62A8}.Development|Win32.Build.0 = Development|Win32
		{CE2BC39E-AF93-467B-9319-D654D5CA62A8}.Development|Win64.ActiveCfg = Development|x64
		{CE2BC39E-AF93-467B-9319-D654D5CA62A8}.Development|Win64.Build.0 = Development|x64
		{CE2BC39E-AF93-467B-9319-D654D5CA62A8}.Shipping|Win32.ActiveCfg = Shipping|Win32
		{CE2BC39E-AF93-467B-9319-D654D5CA62A8}.Shipping|Win32.Build.0 = Shipping|Win32
		{CE2BC39E-AF93-467B-9319-D654D5CA62A8}.Shipping|Win64.ActiveCfg = Shipping|x64
		{CE2BC39E-AF93-467B-9319-D654D5CA62A8}.Shipping|Win64.Build.0 = Shipping|x64
	EndGlobalSection
	GlobalSection(SolutionProperties) = preSolution
		HideSolutionNode = FALSE
	EndGlobalSection
	GlobalSection(NestedProjects) = preSolution
		{34B8816B-33BC-4FE9-842B-465DDA09BDD3} = {FF1D68A3-0BC8-454E-96DF-3781891E1F72}
		{CE2BC39E-AF93-467B-9319-D654D5CA62A8} = {1D7F786D-BBC6-4E3F-8C76-C3054D858156}
	EndGlobalSection
EndGlobal
